
Microsoft Visual Studio Solution File, Format Version 9.00
# Visual C++ Express 2005
Project("{8BC9CEB8-8B4A-11D0-8D11-00A0C91BC942}") = "DirectShowSource", "plugins\DirectShowSource\DirectShowSource.vcproj", "{01744E68-E82A-4A96-AB15-75CE2B0EA816}"
EndProject
Project("{8BC9CEB8-8B4A-11D0-8D11-00A0C91BC942}") = "TCPDeliver", "plugins\TCPDeliver\TCPDeliver.vcproj", "{3645B088-538B-4E5E-A45F-F731102AFF38}"
EndProject
Project("{8BC9CEB8-8B4A-11D0-8D11-00A0C91BC942}") = "avisynth", "avisynth.vcproj", "{663487D5-F79A-4DAA-BC67-319FE0827A48}"
	ProjectSection(ProjectDependencies) = postProject
		{54730D88-C3D9-4F35-BCA2-4B4865906E39} = {54730D88-C3D9-4F35-BCA2-4B4865906E39}
		{0A626C77-0515-4131-AA80-E0BFFC479FEB} = {0A626C77-0515-4131-AA80-E0BFFC479FEB}
		{13E6F43F-CC20-4861-BC80-FA1A1F4CBB72} = {13E6F43F-CC20-4861-BC80-FA1A1F4CBB72}
	EndProjectSection
EndProject
Project("{8BC9CEB8-8B4A-11D0-8D11-00A0C91BC942}") = "SoundOut", "plugins\SoundOut\SoundOut.vcproj", "{8E07FCB1-C7C7-47B4-93BB-8BF5C243C10F}"
	ProjectSection(ProjectDependencies) = postProject
		{20CF3808-F7E7-4EA4-8C34-0914D2C2AA14} = {20CF3808-F7E7-4EA4-8C34-0914D2C2AA14}
		{1A87F412-BA74-4DBB-9F77-FD55C042FB63} = {1A87F412-BA74-4DBB-9F77-FD55C042FB63}
		{C995CE1D-C938-4DEC-89E7-FABBD9A60A4C} = {C995CE1D-C938-4DEC-89E7-FABBD9A60A4C}
		{E316772F-5D8F-4F2A-8F71-094C3E859D34} = {E316772F-5D8F-4F2A-8F71-094C3E859D34}
		{87917270-B190-4FE9-9DDD-3681B6ACE897} = {87917270-B190-4FE9-9DDD-3681B6ACE897}
		{FFFF7082-95CC-4C64-AFDE-AD145EA32D4E} = {FFFF7082-95CC-4C64-AFDE-AD145EA32D4E}
		{3F07B9A4-452D-4625-A07F-27B98FECE4FC} = {3F07B9A4-452D-4625-A07F-27B98FECE4FC}
		{7B1285B7-1535-4440-A7A9-7D1BE1D29414} = {7B1285B7-1535-4440-A7A9-7D1BE1D29414}
		{AC3E4DDE-F5B8-48F2-8FFC-E3D3C10DC479} = {AC3E4DDE-F5B8-48F2-8FFC-E3D3C10DC479}
		{AA5D0AE9-415A-4B71-80BC-9ADE0CD32D3F} = {AA5D0AE9-415A-4B71-80BC-9ADE0CD32D3F}
	EndProjectSection
EndProject
Project("{8BC9CEB8-8B4A-11D0-8D11-00A0C91BC942}") = "Softwire-StaticLibrary", "..\distrib\include\SoftWire\StaticLibrary-VC8.vcproj", "{13E6F43F-CC20-4861-BC80-FA1A1F4CBB72}"
EndProject
Project("{8BC9CEB8-8B4A-11D0-8D11-00A0C91BC942}") = "SoundTouch", "..\distrib\include\SoundTouch\SoundTouch.vcproj", "{0A626C77-0515-4131-AA80-E0BFFC479FEB}"
EndProject
Project("{8BC9CEB8-8B4A-11D0-8D11-00A0C91BC942}") = "pfc", "..\distrib\include\pfc\pfc.vcproj", "{54730D88-C3D9-4F35-BCA2-4B4865906E39}"
EndProject
Project("{8BC9CEB8-8B4A-11D0-8D11-00A0C91BC942}") = "MACLib", "plugins\SoundOut\dep\maclib\MACLib\MACLib.vcproj", "{C995CE1D-C938-4DEC-89E7-FABBD9A60A4C}"
EndProject
Project("{8BC9CEB8-8B4A-11D0-8D11-00A0C91BC942}") = "aften_static", "plugins\SoundOut\dep\aften\build\aften_static.vcproj", "{20CF3808-F7E7-4EA4-8C34-0914D2C2AA14}"
EndProject
Project("{8BC9CEB8-8B4A-11D0-8D11-00A0C91BC942}") = "libFLAC++_static", "plugins\SoundOut\dep\flac\src\libFLAC++\libFLAC++_static.vcproj", "{FFFF7082-95CC-4C64-AFDE-AD145EA32D4E}"
EndProject
Project("{8BC9CEB8-8B4A-11D0-8D11-00A0C91BC942}") = "libFLAC_static", "plugins\SoundOut\dep\flac\src\libFLAC\libFLAC_static.vcproj", "{AC3E4DDE-F5B8-48F2-8FFC-E3D3C10DC479}"
EndProject
Project("{8BC9CEB8-8B4A-11D0-8D11-00A0C91BC942}") = "libmp3lame", "plugins\SoundOut\dep\lame\libmp3lame\libmp3lame_vc7.vcproj", "{E316772F-5D8F-4F2A-8F71-094C3E859D34}"
EndProject
Project("{8BC9CEB8-8B4A-11D0-8D11-00A0C91BC942}") = "ogg_static", "plugins\SoundOut\dep\libogg\win32\ogg_static.vcproj", "{87917270-B190-4FE9-9DDD-3681B6ACE897}"
EndProject
Project("{8BC9CEB8-8B4A-11D0-8D11-00A0C91BC942}") = "vorbis_static", "plugins\SoundOut\dep\libvorbis\win32\vorbis_static.vcproj", "{3F07B9A4-452D-4625-A07F-27B98FECE4FC}"
EndProject
Project("{8BC9CEB8-8B4A-11D0-8D11-00A0C91BC942}") = "vorbisenc_static", "plugins\SoundOut\dep\libvorbis\win32\vorbisenc_static.vcproj", "{AA5D0AE9-415A-4B71-80BC-9ADE0CD32D3F}"
EndProject
Project("{8BC9CEB8-8B4A-11D0-8D11-00A0C91BC942}") = "Twolame", "plugins\SoundOut\dep\twolame\Twolame.vcproj", "{7B1285B7-1535-4440-A7A9-7D1BE1D29414}"
EndProject
Project("{8BC9CEB8-8B4A-11D0-8D11-00A0C91BC942}") = "wavpackdll", "plugins\SoundOut\dep\wavpack\wavpackdll\wavpackdll.vcproj", "{1A87F412-BA74-4DBB-9F77-FD55C042FB63}"
EndProject
Global
	GlobalSection(SolutionConfigurationPlatforms) = preSolution
		Debug|Win32 = Debug|Win32
		Release NASM|Win32 = Release NASM|Win32
		Release|Win32 = Release|Win32
	EndGlobalSection
	GlobalSection(ProjectConfigurationPlatforms) = postSolution
		{01744E68-E82A-4A96-AB15-75CE2B0EA816}.Debug|Win32.ActiveCfg = Debug|Win32
		{01744E68-E82A-4A96-AB15-75CE2B0EA816}.Debug|Win32.Build.0 = Debug|Win32
		{01744E68-E82A-4A96-AB15-75CE2B0EA816}.Release NASM|Win32.ActiveCfg = Release|Win32
		{01744E68-E82A-4A96-AB15-75CE2B0EA816}.Release NASM|Win32.Build.0 = Release|Win32
		{01744E68-E82A-4A96-AB15-75CE2B0EA816}.Release|Win32.ActiveCfg = Release|Win32
		{01744E68-E82A-4A96-AB15-75CE2B0EA816}.Release|Win32.Build.0 = Release|Win32
		{3645B088-538B-4E5E-A45F-F731102AFF38}.Debug|Win32.ActiveCfg = Debug|Win32
		{3645B088-538B-4E5E-A45F-F731102AFF38}.Debug|Win32.Build.0 = Debug|Win32
		{3645B088-538B-4E5E-A45F-F731102AFF38}.Release NASM|Win32.ActiveCfg = Release|Win32
		{3645B088-538B-4E5E-A45F-F731102AFF38}.Release NASM|Win32.Build.0 = Release|Win32
		{3645B088-538B-4E5E-A45F-F731102AFF38}.Release|Win32.ActiveCfg = Release|Win32
		{3645B088-538B-4E5E-A45F-F731102AFF38}.Release|Win32.Build.0 = Release|Win32
		{663487D5-F79A-4DAA-BC67-319FE0827A48}.Debug|Win32.ActiveCfg = Debug|Win32
		{663487D5-F79A-4DAA-BC67-319FE0827A48}.Debug|Win32.Build.0 = Debug|Win32
		{663487D5-F79A-4DAA-BC67-319FE0827A48}.Release NASM|Win32.ActiveCfg = Release|Win32
		{663487D5-F79A-4DAA-BC67-319FE0827A48}.Release NASM|Win32.Build.0 = Release|Win32
		{663487D5-F79A-4DAA-BC67-319FE0827A48}.Release|Win32.ActiveCfg = Release|Win32
		{663487D5-F79A-4DAA-BC67-319FE0827A48}.Release|Win32.Build.0 = Release|Win32
		{8E07FCB1-C7C7-47B4-93BB-8BF5C243C10F}.Debug|Win32.ActiveCfg = Debug|Win32
		{8E07FCB1-C7C7-47B4-93BB-8BF5C243C10F}.Debug|Win32.Build.0 = Debug|Win32
		{8E07FCB1-C7C7-47B4-93BB-8BF5C243C10F}.Release NASM|Win32.ActiveCfg = Release|Win32
		{8E07FCB1-C7C7-47B4-93BB-8BF5C243C10F}.Release NASM|Win32.Build.0 = Release|Win32
		{8E07FCB1-C7C7-47B4-93BB-8BF5C243C10F}.Release|Win32.ActiveCfg = Release|Win32
		{8E07FCB1-C7C7-47B4-93BB-8BF5C243C10F}.Release|Win32.Build.0 = Release|Win32
		{13E6F43F-CC20-4861-BC80-FA1A1F4CBB72}.Debug|Win32.ActiveCfg = Debug|Win32
		{13E6F43F-CC20-4861-BC80-FA1A1F4CBB72}.Debug|Win32.Build.0 = Debug|Win32
		{13E6F43F-CC20-4861-BC80-FA1A1F4CBB72}.Release NASM|Win32.ActiveCfg = Release|Win32
		{13E6F43F-CC20-4861-BC80-FA1A1F4CBB72}.Release NASM|Win32.Build.0 = Release|Win32
		{13E6F43F-CC20-4861-BC80-FA1A1F4CBB72}.Release|Win32.ActiveCfg = Release|Win32
		{13E6F43F-CC20-4861-BC80-FA1A1F4CBB72}.Release|Win32.Build.0 = Release|Win32
		{0A626C77-0515-4131-AA80-E0BFFC479FEB}.Debug|Win32.ActiveCfg = Debug|Win32
		{0A626C77-0515-4131-AA80-E0BFFC479FEB}.Debug|Win32.Build.0 = Debug|Win32
		{0A626C77-0515-4131-AA80-E0BFFC479FEB}.Release NASM|Win32.ActiveCfg = Release|Win32
		{0A626C77-0515-4131-AA80-E0BFFC479FEB}.Release NASM|Win32.Build.0 = Release|Win32
		{0A626C77-0515-4131-AA80-E0BFFC479FEB}.Release|Win32.ActiveCfg = Release|Win32
		{0A626C77-0515-4131-AA80-E0BFFC479FEB}.Release|Win32.Build.0 = Release|Win32
		{54730D88-C3D9-4F35-BCA2-4B4865906E39}.Debug|Win32.ActiveCfg = Debug|Win32
		{54730D88-C3D9-4F35-BCA2-4B4865906E39}.Debug|Win32.Build.0 = Debug|Win32
		{54730D88-C3D9-4F35-BCA2-4B4865906E39}.Release NASM|Win32.ActiveCfg = Release|Win32
		{54730D88-C3D9-4F35-BCA2-4B4865906E39}.Release NASM|Win32.Build.0 = Release|Win32
		{54730D88-C3D9-4F35-BCA2-4B4865906E39}.Release|Win32.ActiveCfg = Release|Win32
		{54730D88-C3D9-4F35-BCA2-4B4865906E39}.Release|Win32.Build.0 = Release|Win32
		{C995CE1D-C938-4DEC-89E7-FABBD9A60A4C}.Debug|Win32.ActiveCfg = Debug|Win32
		{C995CE1D-C938-4DEC-89E7-FABBD9A60A4C}.Debug|Win32.Build.0 = Debug|Win32
		{C995CE1D-C938-4DEC-89E7-FABBD9A60A4C}.Release NASM|Win32.ActiveCfg = Release|Win32
		{C995CE1D-C938-4DEC-89E7-FABBD9A60A4C}.Release NASM|Win32.Build.0 = Release|Win32
		{C995CE1D-C938-4DEC-89E7-FABBD9A60A4C}.Release|Win32.ActiveCfg = Release|Win32
		{C995CE1D-C938-4DEC-89E7-FABBD9A60A4C}.Release|Win32.Build.0 = Release|Win32
		{20CF3808-F7E7-4EA4-8C34-0914D2C2AA14}.Debug|Win32.ActiveCfg = Debug|Win32
		{20CF3808-F7E7-4EA4-8C34-0914D2C2AA14}.Debug|Win32.Build.0 = Debug|Win32
		{20CF3808-F7E7-4EA4-8C34-0914D2C2AA14}.Release NASM|Win32.ActiveCfg = Release|Win32
		{20CF3808-F7E7-4EA4-8C34-0914D2C2AA14}.Release NASM|Win32.Build.0 = Release|Win32
		{20CF3808-F7E7-4EA4-8C34-0914D2C2AA14}.Release|Win32.ActiveCfg = Release|Win32
		{20CF3808-F7E7-4EA4-8C34-0914D2C2AA14}.Release|Win32.Build.0 = Release|Win32
		{FFFF7082-95CC-4C64-AFDE-AD145EA32D4E}.Debug|Win32.ActiveCfg = Debug|Win32
		{FFFF7082-95CC-4C64-AFDE-AD145EA32D4E}.Debug|Win32.Build.0 = Debug|Win32
		{FFFF7082-95CC-4C64-AFDE-AD145EA32D4E}.Release NASM|Win32.ActiveCfg = Release|Win32
		{FFFF7082-95CC-4C64-AFDE-AD145EA32D4E}.Release NASM|Win32.Build.0 = Release|Win32
		{FFFF7082-95CC-4C64-AFDE-AD145EA32D4E}.Release|Win32.ActiveCfg = Release|Win32
		{FFFF7082-95CC-4C64-AFDE-AD145EA32D4E}.Release|Win32.Build.0 = Release|Win32
		{AC3E4DDE-F5B8-48F2-8FFC-E3D3C10DC479}.Debug|Win32.ActiveCfg = Debug|Win32
		{AC3E4DDE-F5B8-48F2-8FFC-E3D3C10DC479}.Debug|Win32.Build.0 = Debug|Win32
		{AC3E4DDE-F5B8-48F2-8FFC-E3D3C10DC479}.Release NASM|Win32.ActiveCfg = Release|Win32
		{AC3E4DDE-F5B8-48F2-8FFC-E3D3C10DC479}.Release NASM|Win32.Build.0 = Release|Win32
		{AC3E4DDE-F5B8-48F2-8FFC-E3D3C10DC479}.Release|Win32.ActiveCfg = Release|Win32
		{AC3E4DDE-F5B8-48F2-8FFC-E3D3C10DC479}.Release|Win32.Build.0 = Release|Win32
		{E316772F-5D8F-4F2A-8F71-094C3E859D34}.Debug|Win32.ActiveCfg = Release NASM|Win32
		{E316772F-5D8F-4F2A-8F71-094C3E859D34}.Debug|Win32.Build.0 = Release NASM|Win32
		{E316772F-5D8F-4F2A-8F71-094C3E859D34}.Release NASM|Win32.ActiveCfg = Release NASM|Win32
		{E316772F-5D8F-4F2A-8F71-094C3E859D34}.Release NASM|Win32.Build.0 = Release NASM|Win32
		{E316772F-5D8F-4F2A-8F71-094C3E859D34}.Release|Win32.ActiveCfg = Release NASM|Win32
		{E316772F-5D8F-4F2A-8F71-094C3E859D34}.Release|Win32.Build.0 = Release NASM|Win32
		{87917270-B190-4FE9-9DDD-3681B6ACE897}.Debug|Win32.ActiveCfg = Debug|Win32
		{87917270-B190-4FE9-9DDD-3681B6ACE897}.Debug|Win32.Build.0 = Debug|Win32
		{87917270-B190-4FE9-9DDD-3681B6ACE897}.Release NASM|Win32.ActiveCfg = Release|Win32
		{87917270-B190-4FE9-9DDD-3681B6ACE897}.Release NASM|Win32.Build.0 = Release|Win32
		{87917270-B190-4FE9-9DDD-3681B6ACE897}.Release|Win32.ActiveCfg = Release|Win32
		{87917270-B190-4FE9-9DDD-3681B6ACE897}.Release|Win32.Build.0 = Release|Win32
		{3F07B9A4-452D-4625-A07F-27B98FECE4FC}.Debug|Win32.ActiveCfg = Debug|Win32
		{3F07B9A4-452D-4625-A07F-27B98FECE4FC}.Debug|Win32.Build.0 = Debug|Win32
		{3F07B9A4-452D-4625-A07F-27B98FECE4FC}.Release NASM|Win32.ActiveCfg = Release|Win32
		{3F07B9A4-452D-4625-A07F-27B98FECE4FC}.Release NASM|Win32.Build.0 = Release|Win32
		{3F07B9A4-452D-4625-A07F-27B98FECE4FC}.Release|Win32.ActiveCfg = Release|Win32
		{3F07B9A4-452D-4625-A07F-27B98FECE4FC}.Release|Win32.Build.0 = Release|Win32
		{AA5D0AE9-415A-4B71-80BC-9ADE0CD32D3F}.Debug|Win32.ActiveCfg = Debug|Win32
		{AA5D0AE9-415A-4B71-80BC-9ADE0CD32D3F}.Debug|Win32.Build.0 = Debug|Win32
		{AA5D0AE9-415A-4B71-80BC-9ADE0CD32D3F}.Release NASM|Win32.ActiveCfg = Release|Win32
		{AA5D0AE9-415A-4B71-80BC-9ADE0CD32D3F}.Release NASM|Win32.Build.0 = Release|Win32
		{AA5D0AE9-415A-4B71-80BC-9ADE0CD32D3F}.Release|Win32.ActiveCfg = Release|Win32
		{AA5D0AE9-415A-4B71-80BC-9ADE0CD32D3F}.Release|Win32.Build.0 = Release|Win32
		{7B1285B7-1535-4440-A7A9-7D1BE1D29414}.Debug|Win32.ActiveCfg = Debug|Win32
		{7B1285B7-1535-4440-A7A9-7D1BE1D29414}.Debug|Win32.Build.0 = Debug|Win32
		{7B1285B7-1535-4440-A7A9-7D1BE1D29414}.Release NASM|Win32.ActiveCfg = Release|Win32
		{7B1285B7-1535-4440-A7A9-7D1BE1D29414}.Release NASM|Win32.Build.0 = Release|Win32
		{7B1285B7-1535-4440-A7A9-7D1BE1D29414}.Release|Win32.ActiveCfg = Release|Win32
		{7B1285B7-1535-4440-A7A9-7D1BE1D29414}.Release|Win32.Build.0 = Release|Win32
		{1A87F412-BA74-4DBB-9F77-FD55C042FB63}.Debug|Win32.ActiveCfg = Debug|Win32
		{1A87F412-BA74-4DBB-9F77-FD55C042FB63}.Debug|Win32.Build.0 = Debug|Win32
		{1A87F412-BA74-4DBB-9F77-FD55C042FB63}.Release NASM|Win32.ActiveCfg = Release|Win32
		{1A87F412-BA74-4DBB-9F77-FD55C042FB63}.Release NASM|Win32.Build.0 = Release|Win32
		{1A87F412-BA74-4DBB-9F77-FD55C042FB63}.Release|Win32.ActiveCfg = Release|Win32
		{1A87F412-BA74-4DBB-9F77-FD55C042FB63}.Release|Win32.Build.0 = Release|Win32
	EndGlobalSection
	GlobalSection(SolutionProperties) = preSolution
		HideSolutionNode = FALSE
	EndGlobalSection
EndGlobal
